
Microsoft Visual Studio Solution File, Format Version 12.00
# Visual Studio 15
VisualStudioVersion = 15.0.27428.2037
MinimumVisualStudioVersion = 10.0.40219.1
Project("{FAE04EC0-301F-11D3-BF4B-00C04F79EFBC}") = "GoodsInShop", "GoodsInShop\GoodsInShop.csproj", "{C5AA27BC-ED06-4595-9980-4849F322948B}"
EndProject
Global
	GlobalSection(SolutionConfigurationPlatforms) = preSolution
		Debug|Any CPU = Debug|Any CPU
		Release|Any CPU = Release|Any CPU
	EndGlobalSection
	GlobalSection(ProjectConfigurationPlatforms) = postSolution
		{C5AA27BC-ED06-4595-9980-4849F322948B}.Debug|Any CPU.ActiveCfg = Debug|Any CPU
		{C5AA27BC-ED06-4595-9980-4849F322948B}.Debug|Any CPU.Build.0 = Debug|Any CPU
		{C5AA27BC-ED06-4595-9980-4849F322948B}.Release|Any CPU.ActiveCfg = Release|Any CPU
		{C5AA27BC-ED06-4595-9980-4849F322948B}.Release|Any CPU.Build.0 = Release|Any CPU
	EndGlobalSection
	GlobalSection(SolutionProperties) = preSolution
		HideSolutionNode = FALSE
	EndGlobalSection
	GlobalSection(ExtensibilityGlobals) = postSolution
		SolutionGuid = {CDB6BFAF-2810-4945-9AE2-0C1AA94365E3}
	EndGlobalSection
EndGlobal
